
Microsoft Visual Studio Solution File, Format Version 12.00
# Visual Studio Version 17
VisualStudioVersion = 17.8.34330.188
MinimumVisualStudioVersion = 10.0.40219.1
Project("{FAE04EC0-301F-11D3-BF4B-00C04F79EFBC}") = "PresentationLayer", "MovieDirectory\PresentationLayer.csproj", "{D5AF939B-323C-4472-98F2-846BD131F2DA}"
EndProject
Project("{FAE04EC0-301F-11D3-BF4B-00C04F79EFBC}") = "MovieDirectory", "Movie\MovieDirectory.csproj", "{1DBC14C6-727E-4813-A2AB-DC99AEA868A6}"
EndProject
Global
	GlobalSection(SolutionConfigurationPlatforms) = preSolution
		Debug|Any CPU = Debug|Any CPU
		Release|Any CPU = Release|Any CPU
	EndGlobalSection
	GlobalSection(ProjectConfigurationPlatforms) = postSolution
		{D5AF939B-323C-4472-98F2-846BD131F2DA}.Debug|Any CPU.ActiveCfg = Debug|Any CPU
		{D5AF939B-323C-4472-98F2-846BD131F2DA}.Debug|Any CPU.Build.0 = Debug|Any CPU
		{D5AF939B-323C-4472-98F2-846BD131F2DA}.Release|Any CPU.ActiveCfg = Release|Any CPU
		{D5AF939B-323C-4472-98F2-846BD131F2DA}.Release|Any CPU.Build.0 = Release|Any CPU
		{1DBC14C6-727E-4813-A2AB-DC99AEA868A6}.Debug|Any CPU.ActiveCfg = Debug|Any CPU
		{1DBC14C6-727E-4813-A2AB-DC99AEA868A6}.Debug|Any CPU.Build.0 = Debug|Any CPU
		{1DBC14C6-727E-4813-A2AB-DC99AEA868A6}.Release|Any CPU.ActiveCfg = Release|Any CPU
		{1DBC14C6-727E-4813-A2AB-DC99AEA868A6}.Release|Any CPU.Build.0 = Release|Any CPU
	EndGlobalSection
	GlobalSection(SolutionProperties) = preSolution
		HideSolutionNode = FALSE
	EndGlobalSection
	GlobalSection(ExtensibilityGlobals) = postSolution
		SolutionGuid = {4EC175BA-49AF-4A33-B20E-F80ECC9FEC65}
	EndGlobalSection
EndGlobal
